
Microsoft Visual Studio Solution File, Format Version 12.00
# Visual Studio Version 17
VisualStudioVersion = 17.0.31903.59
MinimumVisualStudioVersion = 10.0.40219.1
Project("{FAE04EC0-301F-11D3-BF4B-00C04F79EFBC}") = "Project001", "Project001-MemoryGame\Project001.csproj", "{ED33E40E-9C58-450B-A541-2B2DB946AE82}"
EndProject
Project("{FAE04EC0-301F-11D3-BF4B-00C04F79EFBC}") = "Project002", "Project002-TopDownShooter\Project002.csproj", "{E5252AB9-822D-42E8-A427-D18A422A03A2}"
EndProject
Project("{FAE04EC0-301F-11D3-BF4B-00C04F79EFBC}") = "Quickie001", "Quickie001-Button\Quickie001.csproj", "{A99E06E5-A41E-45E2-B2B9-3EB12F3D54C8}"
EndProject
Project("{FAE04EC0-301F-11D3-BF4B-00C04F79EFBC}") = "Quickie002", "Quickie002-ParallaxBackground\Quickie002.csproj", "{6D70B276-121D-4AF4-B07C-7B0E70123267}"
EndProject
Project("{FAE04EC0-301F-11D3-BF4B-00C04F79EFBC}") = "Quickie003", "Quickie003-ParticleSystem\Quickie003.csproj", "{8D7011F5-66D6-4ABA-919C-5C83E6640532}"
EndProject
Project("{FAE04EC0-301F-11D3-BF4B-00C04F79EFBC}") = "Quickie004", "Quickie004-SpritesheetAnimation\Quickie004.csproj", "{B9EFB937-8889-4799-89D2-CA4FAC99A6B5}"
EndProject
Project("{FAE04EC0-301F-11D3-BF4B-00C04F79EFBC}") = "Quickie005", "Quickie005-IsometricTilemap\Quickie005.csproj", "{798C3D29-97B6-4E8C-B9F4-B9B177256210}"
EndProject
Project("{FAE04EC0-301F-11D3-BF4B-00C04F79EFBC}") = "Quickie006", "Quickie006-MovementControls\Quickie006.csproj", "{D790B156-59A3-4757-AD27-DCD7CBC8EBA3}"
EndProject
Project("{FAE04EC0-301F-11D3-BF4B-00C04F79EFBC}") = "Quickie007", "Quickie007-MonoGameOnLinux\Quickie007.csproj", "{5A44883D-2C4C-4480-AB52-46C0C36D20BD}"
EndProject
Project("{FAE04EC0-301F-11D3-BF4B-00C04F79EFBC}") = "Quickie008", "Quickie008-BulletTime\Quickie008.csproj", "{B49FDEED-9B80-4476-9C89-C3A109E10BB4}"
EndProject
Project("{FAE04EC0-301F-11D3-BF4B-00C04F79EFBC}") = "Quickie009", "Quickie009-ProgressBar\Quickie009.csproj", "{DD67016E-D38B-4F94-B500-9977ADBF6223}"
EndProject
Project("{FAE04EC0-301F-11D3-BF4B-00C04F79EFBC}") = "Quickie010", "Quickie010-Timer\Quickie010.csproj", "{E77D4B84-1585-47FD-9F91-E7F9A27645F3}"
EndProject
Project("{FAE04EC0-301F-11D3-BF4B-00C04F79EFBC}") = "Quickie011", "Quickie011-DragAndDrop\Quickie011.csproj", "{0977FE13-A6EF-468F-96BB-FCC5ADBD23BB}"
EndProject
Project("{FAE04EC0-301F-11D3-BF4B-00C04F79EFBC}") = "Quickie012", "Quickie012-BasicAIMovement\Quickie012.csproj", "{B771F9A4-F5D7-4211-874E-AC6104A2EEF4}"
EndProject
Project("{FAE04EC0-301F-11D3-BF4B-00C04F79EFBC}") = "Quickie013", "Quickie013-PixelShader\Quickie013.csproj", "{DE49E924-A8CA-4F6C-9260-49182A3D8F9B}"
EndProject
Project("{FAE04EC0-301F-11D3-BF4B-00C04F79EFBC}") = "Quickie014", "Quickie014-CircleCollisions\Quickie014.csproj", "{3E14C441-AC9F-4B02-B50E-DEE652BD7231}"
EndProject
Project("{FAE04EC0-301F-11D3-BF4B-00C04F79EFBC}") = "Special001", "Special001-Quiz\Special001.csproj", "{939910A7-0DA8-488E-8F76-593D75790FA0}"
EndProject
Project("{FAE04EC0-301F-11D3-BF4B-00C04F79EFBC}") = "Quickie015", "Quickie015-TilemapAndCamera\Quickie015.csproj", "{D3468BD4-1CD5-4697-807F-AFCBD7D0EC06}"
EndProject
Project("{FAE04EC0-301F-11D3-BF4B-00C04F79EFBC}") = "Quickie016", "Quickie016-TilemapPathfinding\Quickie016.csproj", "{676EC69F-13CF-4550-9A66-73C80621A25D}"
EndProject
Project("{FAE04EC0-301F-11D3-BF4B-00C04F79EFBC}") = "Quickie017", "Quickie017-ObserverDesignPattern\Quickie017.csproj", "{3794A118-70F7-4783-8CAA-1B2B2B8870A0}"
EndProject
Project("{FAE04EC0-301F-11D3-BF4B-00C04F79EFBC}") = "Quickie018", "Quickie018-PrototypeDesignPattern\Quickie018.csproj", "{0EF61FCE-FA65-4CC0-B908-DCBC08610938}"
EndProject
Project("{FAE04EC0-301F-11D3-BF4B-00C04F79EFBC}") = "Quickie019", "Quickie019-MovementTrail\Quickie019.csproj", "{384D0F78-573F-4BF5-A061-47898EADB00E}"
EndProject
Project("{FAE04EC0-301F-11D3-BF4B-00C04F79EFBC}") = "Quickie020", "Quickie020-RenderTarget2D\Quickie020.csproj", "{8D9696F1-DC5C-4F4F-ADFA-76A35D479088}"
EndProject
Project("{FAE04EC0-301F-11D3-BF4B-00C04F79EFBC}") = "Quickie021", "Quickie021-JumpingAndGravity\Quickie021.csproj", "{36151396-2146-484F-95B1-1C908309A0DD}"
EndProject
Project("{FAE04EC0-301F-11D3-BF4B-00C04F79EFBC}") = "Quickie022", "Quickie022-HexagonalTilemap\Quickie022.csproj", "{C35C5E7C-B26C-4326-BE10-683BFA034276}"
EndProject
Project("{FAE04EC0-301F-11D3-BF4B-00C04F79EFBC}") = "Quickie023", "Quickie023-SceneManagement\Quickie023.csproj", "{2AD2E05A-AF3F-4170-9D95-8DA453CE6E10}"
EndProject
Project("{FAE04EC0-301F-11D3-BF4B-00C04F79EFBC}") = "Special002", "Special002-Contest\Special002.csproj", "{8579834C-2EDE-4E2D-B970-C3A8F2B7DFC4}"
EndProject
Project("{FAE04EC0-301F-11D3-BF4B-00C04F79EFBC}") = "Project003", "Project003-TowerDefense\Project003.csproj", "{4A5B82F8-7273-4032-89FA-69477570D1CA}"
EndProject
Project("{FAE04EC0-301F-11D3-BF4B-00C04F79EFBC}") = "Project004", "Project004-ZombieDice\Project004.csproj", "{3796CCE5-6629-4F63-B48B-EA6C4C5C126A}"
EndProject
Project("{FAE04EC0-301F-11D3-BF4B-00C04F79EFBC}") = "Project005", "Project005-Llama\Project005.csproj", "{B7BC68BB-6F70-46C8-B5B3-B2583CF3A6DE}"
EndProject
Project("{FAE04EC0-301F-11D3-BF4B-00C04F79EFBC}") = "Project006", "Project006-Pong\Project006.csproj", "{7BA76B57-430A-4208-A6EA-D9D208D0D852}"
EndProject
Project("{FAE04EC0-301F-11D3-BF4B-00C04F79EFBC}") = "Project007", "Project007-Shmup\Project007.csproj", "{A04E3D18-E0A7-476D-A189-2875848A79DF}"
EndProject
Project("{FAE04EC0-301F-11D3-BF4B-00C04F79EFBC}") = "Project008", "Project008-15Puzzle\Project008.csproj", "{350FC65B-E631-4636-BB40-C729B5C6187A}"
EndProject
Project("{FAE04EC0-301F-11D3-BF4B-00C04F79EFBC}") = "Project009", "Project009-Minesweeper\Project009.csproj", "{AB198B56-8488-42EA-A3D8-8EF2063D806F}"
EndProject
Project("{FAE04EC0-301F-11D3-BF4B-00C04F79EFBC}") = "Project010", "Project010-Frogger\Project010.csproj", "{6B1D1032-2142-4F54-8835-B717D20326F5}"
EndProject
Project("{FAE04EC0-301F-11D3-BF4B-00C04F79EFBC}") = "Chill003", "Chill003-ExploringAseprite\Chill003.csproj", "{2B2198DC-51A0-434E-B5EF-52E7569C3F88}"
EndProject
Global
	GlobalSection(SolutionConfigurationPlatforms) = preSolution
		Debug|Any CPU = Debug|Any CPU
		Release|Any CPU = Release|Any CPU
	EndGlobalSection
	GlobalSection(SolutionProperties) = preSolution
		HideSolutionNode = FALSE
	EndGlobalSection
	GlobalSection(ProjectConfigurationPlatforms) = postSolution
		{ED33E40E-9C58-450B-A541-2B2DB946AE82}.Debug|Any CPU.ActiveCfg = Debug|Any CPU
		{ED33E40E-9C58-450B-A541-2B2DB946AE82}.Debug|Any CPU.Build.0 = Debug|Any CPU
		{ED33E40E-9C58-450B-A541-2B2DB946AE82}.Release|Any CPU.ActiveCfg = Release|Any CPU
		{ED33E40E-9C58-450B-A541-2B2DB946AE82}.Release|Any CPU.Build.0 = Release|Any CPU
		{E5252AB9-822D-42E8-A427-D18A422A03A2}.Debug|Any CPU.ActiveCfg = Debug|Any CPU
		{E5252AB9-822D-42E8-A427-D18A422A03A2}.Debug|Any CPU.Build.0 = Debug|Any CPU
		{E5252AB9-822D-42E8-A427-D18A422A03A2}.Release|Any CPU.ActiveCfg = Release|Any CPU
		{E5252AB9-822D-42E8-A427-D18A422A03A2}.Release|Any CPU.Build.0 = Release|Any CPU
		{A99E06E5-A41E-45E2-B2B9-3EB12F3D54C8}.Debug|Any CPU.ActiveCfg = Debug|Any CPU
		{A99E06E5-A41E-45E2-B2B9-3EB12F3D54C8}.Debug|Any CPU.Build.0 = Debug|Any CPU
		{A99E06E5-A41E-45E2-B2B9-3EB12F3D54C8}.Release|Any CPU.ActiveCfg = Release|Any CPU
		{A99E06E5-A41E-45E2-B2B9-3EB12F3D54C8}.Release|Any CPU.Build.0 = Release|Any CPU
		{6D70B276-121D-4AF4-B07C-7B0E70123267}.Debug|Any CPU.ActiveCfg = Debug|Any CPU
		{6D70B276-121D-4AF4-B07C-7B0E70123267}.Debug|Any CPU.Build.0 = Debug|Any CPU
		{6D70B276-121D-4AF4-B07C-7B0E70123267}.Release|Any CPU.ActiveCfg = Release|Any CPU
		{6D70B276-121D-4AF4-B07C-7B0E70123267}.Release|Any CPU.Build.0 = Release|Any CPU
		{8D7011F5-66D6-4ABA-919C-5C83E6640532}.Debug|Any CPU.ActiveCfg = Debug|Any CPU
		{8D7011F5-66D6-4ABA-919C-5C83E6640532}.Debug|Any CPU.Build.0 = Debug|Any CPU
		{8D7011F5-66D6-4ABA-919C-5C83E6640532}.Release|Any CPU.ActiveCfg = Release|Any CPU
		{8D7011F5-66D6-4ABA-919C-5C83E6640532}.Release|Any CPU.Build.0 = Release|Any CPU
		{B9EFB937-8889-4799-89D2-CA4FAC99A6B5}.Debug|Any CPU.ActiveCfg = Debug|Any CPU
		{B9EFB937-8889-4799-89D2-CA4FAC99A6B5}.Debug|Any CPU.Build.0 = Debug|Any CPU
		{B9EFB937-8889-4799-89D2-CA4FAC99A6B5}.Release|Any CPU.ActiveCfg = Release|Any CPU
		{B9EFB937-8889-4799-89D2-CA4FAC99A6B5}.Release|Any CPU.Build.0 = Release|Any CPU
		{798C3D29-97B6-4E8C-B9F4-B9B177256210}.Debug|Any CPU.ActiveCfg = Debug|Any CPU
		{798C3D29-97B6-4E8C-B9F4-B9B177256210}.Debug|Any CPU.Build.0 = Debug|Any CPU
		{798C3D29-97B6-4E8C-B9F4-B9B177256210}.Release|Any CPU.ActiveCfg = Release|Any CPU
		{798C3D29-97B6-4E8C-B9F4-B9B177256210}.Release|Any CPU.Build.0 = Release|Any CPU
		{D790B156-59A3-4757-AD27-DCD7CBC8EBA3}.Debug|Any CPU.ActiveCfg = Debug|Any CPU
		{D790B156-59A3-4757-AD27-DCD7CBC8EBA3}.Debug|Any CPU.Build.0 = Debug|Any CPU
		{D790B156-59A3-4757-AD27-DCD7CBC8EBA3}.Release|Any CPU.ActiveCfg = Release|Any CPU
		{D790B156-59A3-4757-AD27-DCD7CBC8EBA3}.Release|Any CPU.Build.0 = Release|Any CPU
		{5A44883D-2C4C-4480-AB52-46C0C36D20BD}.Debug|Any CPU.ActiveCfg = Debug|Any CPU
		{5A44883D-2C4C-4480-AB52-46C0C36D20BD}.Debug|Any CPU.Build.0 = Debug|Any CPU
		{5A44883D-2C4C-4480-AB52-46C0C36D20BD}.Release|Any CPU.ActiveCfg = Release|Any CPU
		{5A44883D-2C4C-4480-AB52-46C0C36D20BD}.Release|Any CPU.Build.0 = Release|Any CPU
		{B49FDEED-9B80-4476-9C89-C3A109E10BB4}.Debug|Any CPU.ActiveCfg = Debug|Any CPU
		{B49FDEED-9B80-4476-9C89-C3A109E10BB4}.Debug|Any CPU.Build.0 = Debug|Any CPU
		{B49FDEED-9B80-4476-9C89-C3A109E10BB4}.Release|Any CPU.ActiveCfg = Release|Any CPU
		{B49FDEED-9B80-4476-9C89-C3A109E10BB4}.Release|Any CPU.Build.0 = Release|Any CPU
		{DD67016E-D38B-4F94-B500-9977ADBF6223}.Debug|Any CPU.ActiveCfg = Debug|Any CPU
		{DD67016E-D38B-4F94-B500-9977ADBF6223}.Debug|Any CPU.Build.0 = Debug|Any CPU
		{DD67016E-D38B-4F94-B500-9977ADBF6223}.Release|Any CPU.ActiveCfg = Release|Any CPU
		{DD67016E-D38B-4F94-B500-9977ADBF6223}.Release|Any CPU.Build.0 = Release|Any CPU
		{E77D4B84-1585-47FD-9F91-E7F9A27645F3}.Debug|Any CPU.ActiveCfg = Debug|Any CPU
		{E77D4B84-1585-47FD-9F91-E7F9A27645F3}.Debug|Any CPU.Build.0 = Debug|Any CPU
		{E77D4B84-1585-47FD-9F91-E7F9A27645F3}.Release|Any CPU.ActiveCfg = Release|Any CPU
		{E77D4B84-1585-47FD-9F91-E7F9A27645F3}.Release|Any CPU.Build.0 = Release|Any CPU
		{0977FE13-A6EF-468F-96BB-FCC5ADBD23BB}.Debug|Any CPU.ActiveCfg = Debug|Any CPU
		{0977FE13-A6EF-468F-96BB-FCC5ADBD23BB}.Debug|Any CPU.Build.0 = Debug|Any CPU
		{0977FE13-A6EF-468F-96BB-FCC5ADBD23BB}.Release|Any CPU.ActiveCfg = Release|Any CPU
		{0977FE13-A6EF-468F-96BB-FCC5ADBD23BB}.Release|Any CPU.Build.0 = Release|Any CPU
		{B771F9A4-F5D7-4211-874E-AC6104A2EEF4}.Debug|Any CPU.ActiveCfg = Debug|Any CPU
		{B771F9A4-F5D7-4211-874E-AC6104A2EEF4}.Debug|Any CPU.Build.0 = Debug|Any CPU
		{B771F9A4-F5D7-4211-874E-AC6104A2EEF4}.Release|Any CPU.ActiveCfg = Release|Any CPU
		{B771F9A4-F5D7-4211-874E-AC6104A2EEF4}.Release|Any CPU.Build.0 = Release|Any CPU
		{DE49E924-A8CA-4F6C-9260-49182A3D8F9B}.Debug|Any CPU.ActiveCfg = Debug|Any CPU
		{DE49E924-A8CA-4F6C-9260-49182A3D8F9B}.Debug|Any CPU.Build.0 = Debug|Any CPU
		{DE49E924-A8CA-4F6C-9260-49182A3D8F9B}.Release|Any CPU.ActiveCfg = Release|Any CPU
		{DE49E924-A8CA-4F6C-9260-49182A3D8F9B}.Release|Any CPU.Build.0 = Release|Any CPU
		{3E14C441-AC9F-4B02-B50E-DEE652BD7231}.Debug|Any CPU.ActiveCfg = Debug|Any CPU
		{3E14C441-AC9F-4B02-B50E-DEE652BD7231}.Debug|Any CPU.Build.0 = Debug|Any CPU
		{3E14C441-AC9F-4B02-B50E-DEE652BD7231}.Release|Any CPU.ActiveCfg = Release|Any CPU
		{3E14C441-AC9F-4B02-B50E-DEE652BD7231}.Release|Any CPU.Build.0 = Release|Any CPU
		{939910A7-0DA8-488E-8F76-593D75790FA0}.Debug|Any CPU.ActiveCfg = Debug|Any CPU
		{939910A7-0DA8-488E-8F76-593D75790FA0}.Debug|Any CPU.Build.0 = Debug|Any CPU
		{939910A7-0DA8-488E-8F76-593D75790FA0}.Release|Any CPU.ActiveCfg = Release|Any CPU
		{939910A7-0DA8-488E-8F76-593D75790FA0}.Release|Any CPU.Build.0 = Release|Any CPU
		{D3468BD4-1CD5-4697-807F-AFCBD7D0EC06}.Debug|Any CPU.ActiveCfg = Debug|Any CPU
		{D3468BD4-1CD5-4697-807F-AFCBD7D0EC06}.Debug|Any CPU.Build.0 = Debug|Any CPU
		{D3468BD4-1CD5-4697-807F-AFCBD7D0EC06}.Release|Any CPU.ActiveCfg = Release|Any CPU
		{D3468BD4-1CD5-4697-807F-AFCBD7D0EC06}.Release|Any CPU.Build.0 = Release|Any CPU
		{676EC69F-13CF-4550-9A66-73C80621A25D}.Debug|Any CPU.ActiveCfg = Debug|Any CPU
		{676EC69F-13CF-4550-9A66-73C80621A25D}.Debug|Any CPU.Build.0 = Debug|Any CPU
		{676EC69F-13CF-4550-9A66-73C80621A25D}.Release|Any CPU.ActiveCfg = Release|Any CPU
		{676EC69F-13CF-4550-9A66-73C80621A25D}.Release|Any CPU.Build.0 = Release|Any CPU
		{3794A118-70F7-4783-8CAA-1B2B2B8870A0}.Debug|Any CPU.ActiveCfg = Debug|Any CPU
		{3794A118-70F7-4783-8CAA-1B2B2B8870A0}.Debug|Any CPU.Build.0 = Debug|Any CPU
		{3794A118-70F7-4783-8CAA-1B2B2B8870A0}.Release|Any CPU.ActiveCfg = Release|Any CPU
		{3794A118-70F7-4783-8CAA-1B2B2B8870A0}.Release|Any CPU.Build.0 = Release|Any CPU
		{0EF61FCE-FA65-4CC0-B908-DCBC08610938}.Debug|Any CPU.ActiveCfg = Debug|Any CPU
		{0EF61FCE-FA65-4CC0-B908-DCBC08610938}.Debug|Any CPU.Build.0 = Debug|Any CPU
		{0EF61FCE-FA65-4CC0-B908-DCBC08610938}.Release|Any CPU.ActiveCfg = Release|Any CPU
		{0EF61FCE-FA65-4CC0-B908-DCBC08610938}.Release|Any CPU.Build.0 = Release|Any CPU
		{384D0F78-573F-4BF5-A061-47898EADB00E}.Debug|Any CPU.ActiveCfg = Debug|Any CPU
		{384D0F78-573F-4BF5-A061-47898EADB00E}.Debug|Any CPU.Build.0 = Debug|Any CPU
		{384D0F78-573F-4BF5-A061-47898EADB00E}.Release|Any CPU.ActiveCfg = Release|Any CPU
		{384D0F78-573F-4BF5-A061-47898EADB00E}.Release|Any CPU.Build.0 = Release|Any CPU
		{8D9696F1-DC5C-4F4F-ADFA-76A35D479088}.Debug|Any CPU.ActiveCfg = Debug|Any CPU
		{8D9696F1-DC5C-4F4F-ADFA-76A35D479088}.Debug|Any CPU.Build.0 = Debug|Any CPU
		{8D9696F1-DC5C-4F4F-ADFA-76A35D479088}.Release|Any CPU.ActiveCfg = Release|Any CPU
		{8D9696F1-DC5C-4F4F-ADFA-76A35D479088}.Release|Any CPU.Build.0 = Release|Any CPU
		{36151396-2146-484F-95B1-1C908309A0DD}.Debug|Any CPU.ActiveCfg = Debug|Any CPU
		{36151396-2146-484F-95B1-1C908309A0DD}.Debug|Any CPU.Build.0 = Debug|Any CPU
		{36151396-2146-484F-95B1-1C908309A0DD}.Release|Any CPU.ActiveCfg = Release|Any CPU
		{36151396-2146-484F-95B1-1C908309A0DD}.Release|Any CPU.Build.0 = Release|Any CPU
		{C35C5E7C-B26C-4326-BE10-683BFA034276}.Debug|Any CPU.ActiveCfg = Debug|Any CPU
		{C35C5E7C-B26C-4326-BE10-683BFA034276}.Debug|Any CPU.Build.0 = Debug|Any CPU
		{C35C5E7C-B26C-4326-BE10-683BFA034276}.Release|Any CPU.ActiveCfg = Release|Any CPU
		{C35C5E7C-B26C-4326-BE10-683BFA034276}.Release|Any CPU.Build.0 = Release|Any CPU
		{2AD2E05A-AF3F-4170-9D95-8DA453CE6E10}.Debug|Any CPU.ActiveCfg = Debug|Any CPU
		{2AD2E05A-AF3F-4170-9D95-8DA453CE6E10}.Debug|Any CPU.Build.0 = Debug|Any CPU
		{2AD2E05A-AF3F-4170-9D95-8DA453CE6E10}.Release|Any CPU.ActiveCfg = Release|Any CPU
		{2AD2E05A-AF3F-4170-9D95-8DA453CE6E10}.Release|Any CPU.Build.0 = Release|Any CPU
		{8579834C-2EDE-4E2D-B970-C3A8F2B7DFC4}.Debug|Any CPU.ActiveCfg = Debug|Any CPU
		{8579834C-2EDE-4E2D-B970-C3A8F2B7DFC4}.Debug|Any CPU.Build.0 = Debug|Any CPU
		{8579834C-2EDE-4E2D-B970-C3A8F2B7DFC4}.Release|Any CPU.ActiveCfg = Release|Any CPU
		{8579834C-2EDE-4E2D-B970-C3A8F2B7DFC4}.Release|Any CPU.Build.0 = Release|Any CPU
		{4A5B82F8-7273-4032-89FA-69477570D1CA}.Debug|Any CPU.ActiveCfg = Debug|Any CPU
		{4A5B82F8-7273-4032-89FA-69477570D1CA}.Debug|Any CPU.Build.0 = Debug|Any CPU
		{4A5B82F8-7273-4032-89FA-69477570D1CA}.Release|Any CPU.ActiveCfg = Release|Any CPU
		{4A5B82F8-7273-4032-89FA-69477570D1CA}.Release|Any CPU.Build.0 = Release|Any CPU
		{3796CCE5-6629-4F63-B48B-EA6C4C5C126A}.Debug|Any CPU.ActiveCfg = Debug|Any CPU
		{3796CCE5-6629-4F63-B48B-EA6C4C5C126A}.Debug|Any CPU.Build.0 = Debug|Any CPU
		{3796CCE5-6629-4F63-B48B-EA6C4C5C126A}.Release|Any CPU.ActiveCfg = Release|Any CPU
		{3796CCE5-6629-4F63-B48B-EA6C4C5C126A}.Release|Any CPU.Build.0 = Release|Any CPU
		{B7BC68BB-6F70-46C8-B5B3-B2583CF3A6DE}.Debug|Any CPU.ActiveCfg = Debug|Any CPU
		{B7BC68BB-6F70-46C8-B5B3-B2583CF3A6DE}.Debug|Any CPU.Build.0 = Debug|Any CPU
		{B7BC68BB-6F70-46C8-B5B3-B2583CF3A6DE}.Release|Any CPU.ActiveCfg = Release|Any CPU
		{B7BC68BB-6F70-46C8-B5B3-B2583CF3A6DE}.Release|Any CPU.Build.0 = Release|Any CPU
		{7BA76B57-430A-4208-A6EA-D9D208D0D852}.Debug|Any CPU.ActiveCfg = Debug|Any CPU
		{7BA76B57-430A-4208-A6EA-D9D208D0D852}.Debug|Any CPU.Build.0 = Debug|Any CPU
		{7BA76B57-430A-4208-A6EA-D9D208D0D852}.Release|Any CPU.ActiveCfg = Release|Any CPU
		{7BA76B57-430A-4208-A6EA-D9D208D0D852}.Release|Any CPU.Build.0 = Release|Any CPU
		{A04E3D18-E0A7-476D-A189-2875848A79DF}.Debug|Any CPU.ActiveCfg = Debug|Any CPU
		{A04E3D18-E0A7-476D-A189-2875848A79DF}.Debug|Any CPU.Build.0 = Debug|Any CPU
		{A04E3D18-E0A7-476D-A189-2875848A79DF}.Release|Any CPU.ActiveCfg = Release|Any CPU
		{A04E3D18-E0A7-476D-A189-2875848A79DF}.Release|Any CPU.Build.0 = Release|Any CPU
		{350FC65B-E631-4636-BB40-C729B5C6187A}.Debug|Any CPU.ActiveCfg = Debug|Any CPU
		{350FC65B-E631-4636-BB40-C729B5C6187A}.Debug|Any CPU.Build.0 = Debug|Any CPU
		{350FC65B-E631-4636-BB40-C729B5C6187A}.Release|Any CPU.ActiveCfg = Release|Any CPU
		{350FC65B-E631-4636-BB40-C729B5C6187A}.Release|Any CPU.Build.0 = Release|Any CPU
		{AB198B56-8488-42EA-A3D8-8EF2063D806F}.Debug|Any CPU.ActiveCfg = Debug|Any CPU
		{AB198B56-8488-42EA-A3D8-8EF2063D806F}.Debug|Any CPU.Build.0 = Debug|Any CPU
		{AB198B56-8488-42EA-A3D8-8EF2063D806F}.Release|Any CPU.ActiveCfg = Release|Any CPU
		{AB198B56-8488-42EA-A3D8-8EF2063D806F}.Release|Any CPU.Build.0 = Release|Any CPU
		{6B1D1032-2142-4F54-8835-B717D20326F5}.Debug|Any CPU.ActiveCfg = Debug|Any CPU
		{6B1D1032-2142-4F54-8835-B717D20326F5}.Debug|Any CPU.Build.0 = Debug|Any CPU
		{6B1D1032-2142-4F54-8835-B717D20326F5}.Release|Any CPU.ActiveCfg = Release|Any CPU
		{6B1D1032-2142-4F54-8835-B717D20326F5}.Release|Any CPU.Build.0 = Release|Any CPU
		{2B2198DC-51A0-434E-B5EF-52E7569C3F88}.Debug|Any CPU.ActiveCfg = Debug|Any CPU
		{2B2198DC-51A0-434E-B5EF-52E7569C3F88}.Debug|Any CPU.Build.0 = Debug|Any CPU
		{2B2198DC-51A0-434E-B5EF-52E7569C3F88}.Release|Any CPU.ActiveCfg = Release|Any CPU
		{2B2198DC-51A0-434E-B5EF-52E7569C3F88}.Release|Any CPU.Build.0 = Release|Any CPU
	EndGlobalSection
EndGlobal
